{
    "requires": true,
    "lockfileVersion": 1,
    "dependencies": {
        "froala-editor": {
            "version": "3.0.0-beta.1",
            "resolved": "https://registry.npmjs.org/froala-editor/-/froala-editor-3.0.0-beta.1.tgz",
            "integrity": "sha512-IbtHs+IxuaCm4RSZX6mACAH3VGRPYX0G4Syl9V5/p2OIov93gXfZJ5LZOKR9FnAwBPsRSraZEaoiS1gPQrfSSQ=="
        }
    }
}
